
Microsoft Visual Studio Solution File, Format Version 12.00
# Visual Studio Version 17
VisualStudioVersion = 17.4.33122.133
MinimumVisualStudioVersion = 10.0.40219.1
Project("{FAE04EC0-301F-11D3-BF4B-00C04F79EFBC}") = "Efgerilgh", "Efgerilgh\Efgerilgh.csproj", "{92BE8D68-BA68-499B-A093-7D6E63604CD3}"
EndProject
Global
	GlobalSection(SolutionConfigurationPlatforms) = preSolution
		Debug|Any CPU = Debug|Any CPU
		Release|Any CPU = Release|Any CPU
	EndGlobalSection
	GlobalSection(ProjectConfigurationPlatforms) = postSolution
		{92BE8D68-BA68-499B-A093-7D6E63604CD3}.Debug|Any CPU.ActiveCfg = Debug|Any CPU
		{92BE8D68-BA68-499B-A093-7D6E63604CD3}.Debug|Any CPU.Build.0 = Debug|Any CPU
		{92BE8D68-BA68-499B-A093-7D6E63604CD3}.Release|Any CPU.ActiveCfg = Release|Any CPU
		{92BE8D68-BA68-499B-A093-7D6E63604CD3}.Release|Any CPU.Build.0 = Release|Any CPU
	EndGlobalSection
	GlobalSection(SolutionProperties) = preSolution
		HideSolutionNode = FALSE
	EndGlobalSection
	GlobalSection(ExtensibilityGlobals) = postSolution
		SolutionGuid = {F8E8099E-C9FC-4FDD-B950-EE910590769D}
	EndGlobalSection
EndGlobal
